
Microsoft Visual Studio Solution File, Format Version 12.00
# Visual Studio 15
VisualStudioVersion = 15.0.28307.1145
MinimumVisualStudioVersion = 10.0.40219.1
Project("{FAE04EC0-301F-11D3-BF4B-00C04F79EFBC}") = "Utilities_Stream", "Utilities_Stream\Utilities_Stream.csproj", "{6CE7A2B0-C2B5-4902-AA9C-62E759A66BDF}"
EndProject
Global
	GlobalSection(SolutionConfigurationPlatforms) = preSolution
		Debug|Any CPU = Debug|Any CPU
		Release|Any CPU = Release|Any CPU
	EndGlobalSection
	GlobalSection(ProjectConfigurationPlatforms) = postSolution
		{6CE7A2B0-C2B5-4902-AA9C-62E759A66BDF}.Debug|Any CPU.ActiveCfg = Debug|Any CPU
		{6CE7A2B0-C2B5-4902-AA9C-62E759A66BDF}.Debug|Any CPU.Build.0 = Debug|Any CPU
		{6CE7A2B0-C2B5-4902-AA9C-62E759A66BDF}.Release|Any CPU.ActiveCfg = Release|Any CPU
		{6CE7A2B0-C2B5-4902-AA9C-62E759A66BDF}.Release|Any CPU.Build.0 = Release|Any CPU
	EndGlobalSection
	GlobalSection(SolutionProperties) = preSolution
		HideSolutionNode = FALSE
	EndGlobalSection
	GlobalSection(ExtensibilityGlobals) = postSolution
		SolutionGuid = {E2FF6D80-24F8-4607-BCFB-FCB5EC633A59}
	EndGlobalSection
EndGlobal
