
Microsoft Visual Studio Solution File, Format Version 12.00
# Visual Studio 15
VisualStudioVersion = 15.0.26430.16
MinimumVisualStudioVersion = 10.0.40219.1
Project("{FAE04EC0-301F-11D3-BF4B-00C04F79EFBC}") = "WaterSim_West_v_2", "WaterSim_West\WaterSim_West_v_2\WaterSim_West_v_2.csproj", "{CB058C4C-5CE2-472B-962F-67B40BAC936C}"
EndProject
Project("{FAE04EC0-301F-11D3-BF4B-00C04F79EFBC}") = "UniDb5", "UniDB\Projects\UNIDB5\UniDb5.csproj", "{3838C648-920B-4009-A546-63C3229672BE}"
EndProject
Project("{FAE04EC0-301F-11D3-BF4B-00C04F79EFBC}") = "Sankey2", "Sankey\Sankey2.csproj", "{2F149E04-D5FE-47C2-9D12-FB9835B1EBDD}"
EndProject
Project("{FAE04EC0-301F-11D3-BF4B-00C04F79EFBC}") = "WestVisual", "WaterSim_West\WestVisualControls\WestVisual.csproj", "{647E884E-350E-4063-B416-53D759E3A0E2}"
EndProject
Project("{FAE04EC0-301F-11D3-BF4B-00C04F79EFBC}") = "WaterSim_WestStates_SIO_DB WEST 5", "WaterSim_West\Base_SIO_DB_WEST 4\WaterSim_WestStates_SIO_DB WEST 5.csproj", "{37DE308B-D74B-4DE2-9B78-D5671F63C14D}"
EndProject
Project("{FAE04EC0-301F-11D3-BF4B-00C04F79EFBC}") = "WaterSimWebService  West Version 6", "WestWebService\West Web Service Ver 6\WaterSimWebService  West Version 6.csproj", "{481E0F77-2E2E-418C-B6EB-E65CF906D1FC}"
EndProject
Project("{FAE04EC0-301F-11D3-BF4B-00C04F79EFBC}") = "ColoradoRiverReservoirSystem", "ColoradoRiverReservoirSystem\ColoradoRiverReservoirSystem.csproj", "{277DAA85-B7A5-4EFD-BD66-C52310F6C87E}"
EndProject
Project("{FAE04EC0-301F-11D3-BF4B-00C04F79EFBC}") = "DCDC_Utilities", "DCDC_Utilities\DCDC_Utilities.csproj", "{ABDDC4ED-9145-4E68-AECD-46604EFF2CF2}"
EndProject
Global
	GlobalSection(SolutionConfigurationPlatforms) = preSolution
		Debug|Any CPU = Debug|Any CPU
		Release|Any CPU = Release|Any CPU
	EndGlobalSection
	GlobalSection(ProjectConfigurationPlatforms) = postSolution
		{CB058C4C-5CE2-472B-962F-67B40BAC936C}.Debug|Any CPU.ActiveCfg = Debug|Any CPU
		{CB058C4C-5CE2-472B-962F-67B40BAC936C}.Debug|Any CPU.Build.0 = Debug|Any CPU
		{CB058C4C-5CE2-472B-962F-67B40BAC936C}.Release|Any CPU.ActiveCfg = Release|Any CPU
		{CB058C4C-5CE2-472B-962F-67B40BAC936C}.Release|Any CPU.Build.0 = Release|Any CPU
		{3838C648-920B-4009-A546-63C3229672BE}.Debug|Any CPU.ActiveCfg = Debug|Any CPU
		{3838C648-920B-4009-A546-63C3229672BE}.Debug|Any CPU.Build.0 = Debug|Any CPU
		{3838C648-920B-4009-A546-63C3229672BE}.Release|Any CPU.ActiveCfg = Release|Any CPU
		{3838C648-920B-4009-A546-63C3229672BE}.Release|Any CPU.Build.0 = Release|Any CPU
		{2F149E04-D5FE-47C2-9D12-FB9835B1EBDD}.Debug|Any CPU.ActiveCfg = Debug|Any CPU
		{2F149E04-D5FE-47C2-9D12-FB9835B1EBDD}.Debug|Any CPU.Build.0 = Debug|Any CPU
		{2F149E04-D5FE-47C2-9D12-FB9835B1EBDD}.Release|Any CPU.ActiveCfg = Release|Any CPU
		{2F149E04-D5FE-47C2-9D12-FB9835B1EBDD}.Release|Any CPU.Build.0 = Release|Any CPU
		{647E884E-350E-4063-B416-53D759E3A0E2}.Debug|Any CPU.ActiveCfg = Debug|Any CPU
		{647E884E-350E-4063-B416-53D759E3A0E2}.Debug|Any CPU.Build.0 = Debug|Any CPU
		{647E884E-350E-4063-B416-53D759E3A0E2}.Release|Any CPU.ActiveCfg = Release|Any CPU
		{647E884E-350E-4063-B416-53D759E3A0E2}.Release|Any CPU.Build.0 = Release|Any CPU
		{37DE308B-D74B-4DE2-9B78-D5671F63C14D}.Debug|Any CPU.ActiveCfg = Debug|Any CPU
		{37DE308B-D74B-4DE2-9B78-D5671F63C14D}.Debug|Any CPU.Build.0 = Debug|Any CPU
		{37DE308B-D74B-4DE2-9B78-D5671F63C14D}.Release|Any CPU.ActiveCfg = Release|Any CPU
		{37DE308B-D74B-4DE2-9B78-D5671F63C14D}.Release|Any CPU.Build.0 = Release|Any CPU
		{481E0F77-2E2E-418C-B6EB-E65CF906D1FC}.Debug|Any CPU.ActiveCfg = Debug|Any CPU
		{481E0F77-2E2E-418C-B6EB-E65CF906D1FC}.Debug|Any CPU.Build.0 = Debug|Any CPU
		{481E0F77-2E2E-418C-B6EB-E65CF906D1FC}.Release|Any CPU.ActiveCfg = Release|Any CPU
		{481E0F77-2E2E-418C-B6EB-E65CF906D1FC}.Release|Any CPU.Build.0 = Release|Any CPU
		{277DAA85-B7A5-4EFD-BD66-C52310F6C87E}.Debug|Any CPU.ActiveCfg = Debug|Any CPU
		{277DAA85-B7A5-4EFD-BD66-C52310F6C87E}.Debug|Any CPU.Build.0 = Debug|Any CPU
		{277DAA85-B7A5-4EFD-BD66-C52310F6C87E}.Release|Any CPU.ActiveCfg = Release|Any CPU
		{277DAA85-B7A5-4EFD-BD66-C52310F6C87E}.Release|Any CPU.Build.0 = Release|Any CPU
		{ABDDC4ED-9145-4E68-AECD-46604EFF2CF2}.Debug|Any CPU.ActiveCfg = Debug|Any CPU
		{ABDDC4ED-9145-4E68-AECD-46604EFF2CF2}.Debug|Any CPU.Build.0 = Debug|Any CPU
		{ABDDC4ED-9145-4E68-AECD-46604EFF2CF2}.Release|Any CPU.ActiveCfg = Release|Any CPU
		{ABDDC4ED-9145-4E68-AECD-46604EFF2CF2}.Release|Any CPU.Build.0 = Release|Any CPU
	EndGlobalSection
	GlobalSection(SolutionProperties) = preSolution
		HideSolutionNode = FALSE
	EndGlobalSection
	GlobalSection(ExtensibilityGlobals) = postSolution
		SolutionGuid = {9AC8F10F-5804-4446-A4DF-8C9AD95141A0}
	EndGlobalSection
EndGlobal
