
Microsoft Visual Studio Solution File, Format Version 12.00
# Visual Studio 15
VisualStudioVersion = 15.0.27130.2036
MinimumVisualStudioVersion = 10.0.40219.1
Project("{FAE04EC0-301F-11D3-BF4B-00C04F79EFBC}") = "WestVisual", "WestVisual.csproj", "{647E884E-350E-4063-B416-53D759E3A0E2}"
EndProject
Project("{FAE04EC0-301F-11D3-BF4B-00C04F79EFBC}") = "WaterSim_WestStates_SIO_DB WEST 4", "..\Base_SIO_DB_WEST 4\WaterSim_WestStates_SIO_DB WEST 4.csproj", "{0ED6BDE9-5407-40FD-BE18-38D5E63FD61D}"
EndProject
Global
	GlobalSection(SolutionConfigurationPlatforms) = preSolution
		Debug|Any CPU = Debug|Any CPU
		Release|Any CPU = Release|Any CPU
	EndGlobalSection
	GlobalSection(ProjectConfigurationPlatforms) = postSolution
		{647E884E-350E-4063-B416-53D759E3A0E2}.Debug|Any CPU.ActiveCfg = Debug|Any CPU
		{647E884E-350E-4063-B416-53D759E3A0E2}.Debug|Any CPU.Build.0 = Debug|Any CPU
		{647E884E-350E-4063-B416-53D759E3A0E2}.Release|Any CPU.ActiveCfg = Release|Any CPU
		{647E884E-350E-4063-B416-53D759E3A0E2}.Release|Any CPU.Build.0 = Release|Any CPU
		{0ED6BDE9-5407-40FD-BE18-38D5E63FD61D}.Debug|Any CPU.ActiveCfg = Debug|Any CPU
		{0ED6BDE9-5407-40FD-BE18-38D5E63FD61D}.Debug|Any CPU.Build.0 = Debug|Any CPU
		{0ED6BDE9-5407-40FD-BE18-38D5E63FD61D}.Release|Any CPU.ActiveCfg = Release|Any CPU
		{0ED6BDE9-5407-40FD-BE18-38D5E63FD61D}.Release|Any CPU.Build.0 = Release|Any CPU
	EndGlobalSection
	GlobalSection(SolutionProperties) = preSolution
		HideSolutionNode = FALSE
	EndGlobalSection
	GlobalSection(ExtensibilityGlobals) = postSolution
		SolutionGuid = {9C9E1B7B-E60D-4DE9-9E98-DAFE9F5CAB29}
	EndGlobalSection
EndGlobal
