
Microsoft Visual Studio Solution File, Format Version 12.00
# Visual Studio 15
VisualStudioVersion = 15.0.27130.2036
MinimumVisualStudioVersion = 10.0.40219.1
Project("{FAE04EC0-301F-11D3-BF4B-00C04F79EFBC}") = "TestUniDb2", "TestUniDb2.csproj", "{A2E7980B-92E7-42A4-82D5-9762FED6E6DD}"
EndProject
Project("{FAE04EC0-301F-11D3-BF4B-00C04F79EFBC}") = "UniDb5", "..\..\Projects\UNIDB5\UniDb5.csproj", "{3838C648-920B-4009-A546-63C3229672BE}"
EndProject
Global
	GlobalSection(SolutionConfigurationPlatforms) = preSolution
		Debug|Any CPU = Debug|Any CPU
		Debug|x86 = Debug|x86
		Release|Any CPU = Release|Any CPU
		Release|x86 = Release|x86
	EndGlobalSection
	GlobalSection(ProjectConfigurationPlatforms) = postSolution
		{A2E7980B-92E7-42A4-82D5-9762FED6E6DD}.Debug|Any CPU.ActiveCfg = Debug|Any CPU
		{A2E7980B-92E7-42A4-82D5-9762FED6E6DD}.Debug|Any CPU.Build.0 = Debug|Any CPU
		{A2E7980B-92E7-42A4-82D5-9762FED6E6DD}.Debug|x86.ActiveCfg = Debug|x86
		{A2E7980B-92E7-42A4-82D5-9762FED6E6DD}.Debug|x86.Build.0 = Debug|x86
		{A2E7980B-92E7-42A4-82D5-9762FED6E6DD}.Release|Any CPU.ActiveCfg = Release|Any CPU
		{A2E7980B-92E7-42A4-82D5-9762FED6E6DD}.Release|Any CPU.Build.0 = Release|Any CPU
		{A2E7980B-92E7-42A4-82D5-9762FED6E6DD}.Release|x86.ActiveCfg = Release|x86
		{A2E7980B-92E7-42A4-82D5-9762FED6E6DD}.Release|x86.Build.0 = Release|x86
		{3838C648-920B-4009-A546-63C3229672BE}.Debug|Any CPU.ActiveCfg = Debug|Any CPU
		{3838C648-920B-4009-A546-63C3229672BE}.Debug|Any CPU.Build.0 = Debug|Any CPU
		{3838C648-920B-4009-A546-63C3229672BE}.Debug|x86.ActiveCfg = Debug|Any CPU
		{3838C648-920B-4009-A546-63C3229672BE}.Debug|x86.Build.0 = Debug|Any CPU
		{3838C648-920B-4009-A546-63C3229672BE}.Release|Any CPU.ActiveCfg = Release|Any CPU
		{3838C648-920B-4009-A546-63C3229672BE}.Release|Any CPU.Build.0 = Release|Any CPU
		{3838C648-920B-4009-A546-63C3229672BE}.Release|x86.ActiveCfg = Release|Any CPU
		{3838C648-920B-4009-A546-63C3229672BE}.Release|x86.Build.0 = Release|Any CPU
	EndGlobalSection
	GlobalSection(SolutionProperties) = preSolution
		HideSolutionNode = FALSE
	EndGlobalSection
	GlobalSection(ExtensibilityGlobals) = postSolution
		SolutionGuid = {72E185D9-4C33-4328-80FA-02423CEFA5B9}
	EndGlobalSection
EndGlobal
